
Microsoft Visual Studio Solution File, Format Version 12.00
# Visual Studio Version 16
VisualStudioVersion = 16.0.31112.23
MinimumVisualStudioVersion = 10.0.40219.1
Project("{FAE04EC0-301F-11D3-BF4B-00C04F79EFBC}") = "taskOneDelegats", "taskOneDelegats\taskOneDelegats.csproj", "{A2569CF2-2FEE-48EC-8609-F4407EDAE967}"
EndProject
Global
	GlobalSection(SolutionConfigurationPlatforms) = preSolution
		Debug|Any CPU = Debug|Any CPU
		Release|Any CPU = Release|Any CPU
	EndGlobalSection
	GlobalSection(ProjectConfigurationPlatforms) = postSolution
		{A2569CF2-2FEE-48EC-8609-F4407EDAE967}.Debug|Any CPU.ActiveCfg = Debug|Any CPU
		{A2569CF2-2FEE-48EC-8609-F4407EDAE967}.Debug|Any CPU.Build.0 = Debug|Any CPU
		{A2569CF2-2FEE-48EC-8609-F4407EDAE967}.Release|Any CPU.ActiveCfg = Release|Any CPU
		{A2569CF2-2FEE-48EC-8609-F4407EDAE967}.Release|Any CPU.Build.0 = Release|Any CPU
	EndGlobalSection
	GlobalSection(SolutionProperties) = preSolution
		HideSolutionNode = FALSE
	EndGlobalSection
	GlobalSection(ExtensibilityGlobals) = postSolution
		SolutionGuid = {EFF55D87-B028-43E5-B9A2-973DECED491D}
	EndGlobalSection
EndGlobal
